{
  "name": "rosemary",
  "version": "1.0.0",
  "lockfileVersion": 2,
  "requires": true,
  "packages": {
    "": {
      "name": "rosemary",
      "version": "1.0.0",
      "license": "MIT",
      "dependencies": {
        "parse-duration": "^0.1.1",
        "toposort": "^0.2.10"
      }
    },
    "node_modules/parse-duration": {
      "version": "0.1.1",
      "resolved": "https://registry.npmjs.org/parse-duration/-/parse-duration-0.1.1.tgz",
      "integrity": "sha1-ExFN3JiRwezSgANiRFVN5DZHoiY="
    },
    "node_modules/toposort": {
      "version": "0.2.12",
      "resolved": "https://registry.npmjs.org/toposort/-/toposort-0.2.12.tgz",
      "integrity": "sha1-x9KYTz1IwhcxXMMtdwiIt3lJHoE="
    }
  },
  "dependencies": {
    "parse-duration": {
      "version": "0.1.1",
      "resolved": "https://registry.npmjs.org/parse-duration/-/parse-duration-0.1.1.tgz",
      "integrity": "sha1-ExFN3JiRwezSgANiRFVN5DZHoiY="
    },
    "toposort": {
      "version": "0.2.12",
      "resolved": "https://registry.npmjs.org/toposort/-/toposort-0.2.12.tgz",
      "integrity": "sha1-x9KYTz1IwhcxXMMtdwiIt3lJHoE="
    }
  }
}
