{
  "name": "rosemary",
  "version": "1.0.0",
  "lockfileVersion": 2,
  "requires": true,
  "packages": {
    "": {
      "name": "rosemary",
      "version": "1.0.0",
      "license": "MIT",
      "dependencies": {
        "humanize-duration": "^3.31.0",
        "parse-duration": "^0.1.1"
      },
      "devDependencies": {
        "htm": "^3.1.1"
      }
    },
    "node_modules/htm": {
      "version": "3.1.1",
      "resolved": "https://registry.npmjs.org/htm/-/htm-3.1.1.tgz",
      "integrity": "sha512-983Vyg8NwUE7JkZ6NmOqpCZ+sh1bKv2iYTlUkzlWmA5JD2acKoxd4KVxbMmxX/85mtfdnDmTFoNKcg5DGAvxNQ==",
      "dev": true
    },
    "node_modules/humanize-duration": {
      "version": "3.31.0",
      "resolved": "https://registry.npmjs.org/humanize-duration/-/humanize-duration-3.31.0.tgz",
      "integrity": "sha512-fRrehgBG26NNZysRlTq1S+HPtDpp3u+Jzdc/d5A4cEzOD86YLAkDaJyJg8krSdCi7CJ+s7ht3fwRj8Dl+Btd0w=="
    },
    "node_modules/parse-duration": {
      "version": "0.1.1",
      "resolved": "https://registry.npmjs.org/parse-duration/-/parse-duration-0.1.1.tgz",
      "integrity": "sha1-ExFN3JiRwezSgANiRFVN5DZHoiY="
    }
  },
  "dependencies": {
    "htm": {
      "version": "3.1.1",
      "resolved": "https://registry.npmjs.org/htm/-/htm-3.1.1.tgz",
      "integrity": "sha512-983Vyg8NwUE7JkZ6NmOqpCZ+sh1bKv2iYTlUkzlWmA5JD2acKoxd4KVxbMmxX/85mtfdnDmTFoNKcg5DGAvxNQ==",
      "dev": true
    },
    "humanize-duration": {
      "version": "3.31.0",
      "resolved": "https://registry.npmjs.org/humanize-duration/-/humanize-duration-3.31.0.tgz",
      "integrity": "sha512-fRrehgBG26NNZysRlTq1S+HPtDpp3u+Jzdc/d5A4cEzOD86YLAkDaJyJg8krSdCi7CJ+s7ht3fwRj8Dl+Btd0w=="
    },
    "parse-duration": {
      "version": "0.1.1",
      "resolved": "https://registry.npmjs.org/parse-duration/-/parse-duration-0.1.1.tgz",
      "integrity": "sha1-ExFN3JiRwezSgANiRFVN5DZHoiY="
    }
  }
}
